Microsoft Visual Studio Solution File, Format Version 11.00
# Visual Studio 2008

Project("{028E09DC-6D12-9CE3-94FA-FFE8A3EDDE41}") = "Block Buster", "Assembly-CSharp.csproj", "{1746AA35-8F6B-1108-7E2A-7B1EBADFFC37}"
EndProject
Global
	GlobalSection(SolutionConfigurationPlatforms) = preSolution
		Debug|Any CPU = Debug|Any CPU
		Release|Any CPU = Release|Any CPU
	EndGlobalSection
	GlobalSection(ProjectConfigurationPlatforms) = postSolution
		{1746AA35-8F6B-1108-7E2A-7B1EBADFFC37}.Debug|Any CPU.ActiveCfg = Debug|Any CPU
		{1746AA35-8F6B-1108-7E2A-7B1EBADFFC37}.Debug|Any CPU.Build.0 = Debug|Any CPU
		{1746AA35-8F6B-1108-7E2A-7B1EBADFFC37}.Release|Any CPU.ActiveCfg = Release|Any CPU
		{1746AA35-8F6B-1108-7E2A-7B1EBADFFC37}.Release|Any CPU.Build.0 = Release|Any CPU
	EndGlobalSection
	GlobalSection(SolutionProperties) = preSolution
		HideSolutionNode = FALSE
	EndGlobalSection
	GlobalSection(MonoDevelopProperties) = preSolution
		StartupItem = Assembly-CSharp.csproj
	EndGlobalSection
EndGlobal
